
Microsoft Visual Studio Solution File, Format Version 12.00
Project("{2150E333-8FDC-42A3-9474-1A3956D46DE8}") = "src", "src", "{2E320DC9-1916-44C7-B409-627F00F971FB}"
EndProject
Project("{FAE04EC0-301F-11D3-BF4B-00C04F79EFBC}") = "DiscordBot.Api", "src\DiscordBot.Api\DiscordBot.Api.csproj", "{8C610F0A-9BEB-4307-9A32-4B5798C92728}"
EndProject
Global
	GlobalSection(SolutionConfigurationPlatforms) = preSolution
		Debug|Any CPU = Debug|Any CPU
		Release|Any CPU = Release|Any CPU
	EndGlobalSection
	GlobalSection(NestedProjects) = preSolution
		{8C610F0A-9BEB-4307-9A32-4B5798C92728} = {2E320DC9-1916-44C7-B409-627F00F971FB}
	EndGlobalSection
	GlobalSection(ProjectConfigurationPlatforms) = postSolution
		{8C610F0A-9BEB-4307-9A32-4B5798C92728}.Debug|Any CPU.ActiveCfg = Debug|Any CPU
		{8C610F0A-9BEB-4307-9A32-4B5798C92728}.Debug|Any CPU.Build.0 = Debug|Any CPU
		{8C610F0A-9BEB-4307-9A32-4B5798C92728}.Release|Any CPU.ActiveCfg = Release|Any CPU
		{8C610F0A-9BEB-4307-9A32-4B5798C92728}.Release|Any CPU.Build.0 = Release|Any CPU
	EndGlobalSection
EndGlobal
